
Microsoft Visual Studio Solution File, Format Version 12.00
# Visual Studio Version 16
VisualStudioVersion = 16.0.31829.152
MinimumVisualStudioVersion = 10.0.40219.1
Project("{FAE04EC0-301F-11D3-BF4B-00C04F79EFBC}") = "my-books", "my-books.csproj", "{2689BAC2-BCD2-4C4B-A8F1-C886C9330823}"
EndProject
Global
	GlobalSection(SolutionConfigurationPlatforms) = preSolution
		Debug|Any CPU = Debug|Any CPU
		Release|Any CPU = Release|Any CPU
	EndGlobalSection
	GlobalSection(ProjectConfigurationPlatforms) = postSolution
		{2689BAC2-BCD2-4C4B-A8F1-C886C9330823}.Debug|Any CPU.ActiveCfg = Debug|Any CPU
		{2689BAC2-BCD2-4C4B-A8F1-C886C9330823}.Debug|Any CPU.Build.0 = Debug|Any CPU
		{2689BAC2-BCD2-4C4B-A8F1-C886C9330823}.Release|Any CPU.ActiveCfg = Release|Any CPU
		{2689BAC2-BCD2-4C4B-A8F1-C886C9330823}.Release|Any CPU.Build.0 = Release|Any CPU
	EndGlobalSection
	GlobalSection(SolutionProperties) = preSolution
		HideSolutionNode = FALSE
	EndGlobalSection
	GlobalSection(ExtensibilityGlobals) = postSolution
		SolutionGuid = {E3C2C256-A45C-4856-8C08-7439586D2EBE}
	EndGlobalSection
EndGlobal
